// !$*UTF8*$!
{
	archiveVersion = 1;
	classes = {
	};
	objectVersion = 50;
	objects = {

/* Begin PBXBuildFile section */
		3D5E7A5C256C523900CD576F /* AppDelegate.swift in Sources */ = {isa = PBXBuildFile; fileRef = 3D5E7A5B256C523900CD576F /* AppDelegate.swift */; };
		3D5E7A5E256C523900CD576F /* SceneDelegate.swift in Sources */ = {isa = PBXBuildFile; fileRef = 3D5E7A5D256C523900CD576F /* SceneDelegate.swift */; };
		3D5E7A60256C523900CD576F /* ViewController.swift in Sources */ = {isa = PBXBuildFile; fileRef = 3D5E7A5F256C523900CD576F /* ViewController.swift */; };
		3D5E7A63256C523900CD576F /* Main.storyboard in Resources */ = {isa = PBXBuildFile; fileRef = 3D5E7A61256C523900CD576F /* Main.storyboard */; };
		3D5E7A65256C523F00CD576F /* Assets.xcassets in Resources */ = {isa = PBXBuildFile; fileRef = 3D5E7A64256C523F00CD576F /* Assets.xcassets */; };
		3D5E7A68256C523F00CD576F /* LaunchScreen.storyboard in Resources */ = {isa = PBXBuildFile; fileRef = 3D5E7A66256C523F00CD576F /* LaunchScreen.storyboard */; };
		3D5E7A73256C523F00CD576F /* proyectoFinalTests.swift in Sources */ = {isa = PBXBuildFile; fileRef = 3D5E7A72256C523F00CD576F /* proyectoFinalTests.swift */; };
		3D5E7A7E256C523F00CD576F /* proyectoFinalUITests.swift in Sources */ = {isa = PBXBuildFile; fileRef = 3D5E7A7D256C523F00CD576F /* proyectoFinalUITests.swift */; };
		3D5E7A8F256C679D00CD576F /* Noticias.swift in Sources */ = {isa = PBXBuildFile; fileRef = 3D5E7A8E256C679D00CD576F /* Noticias.swift */; };
		3D5E7A91256C6C5900CD576F /* celdaNoticiaController.swift in Sources */ = {isa = PBXBuildFile; fileRef = 3D5E7A90256C6C5900CD576F /* celdaNoticiaController.swift */; };
		3D857D3A2574653F00532ACB /* DetallesNoticiasController.swift in Sources */ = {isa = PBXBuildFile; fileRef = 3D857D392574653F00532ACB /* DetallesNoticiasController.swift */; };
		3D857D3C2574736000532ACB /* Tendencias.swift in Sources */ = {isa = PBXBuildFile; fileRef = 3D857D3B2574736000532ACB /* Tendencias.swift */; };
		3D857D3E2574740800532ACB /* CeldaTendendenciaController.swift in Sources */ = {isa = PBXBuildFile; fileRef = 3D857D3D2574740800532ACB /* CeldaTendendenciaController.swift */; };
		3D857D402574742700532ACB /* DetalleTendenciaController.swift in Sources */ = {isa = PBXBuildFile; fileRef = 3D857D3F2574742700532ACB /* DetalleTendenciaController.swift */; };
		3D857D42257479B500532ACB /* ViewControllerTendencia.swift in Sources */ = {isa = PBXBuildFile; fileRef = 3D857D41257479B500532ACB /* ViewControllerTendencia.swift */; };
/* End PBXBuildFile section */

/* Begin PBXContainerItemProxy section */
		3D5E7A6F256C523F00CD576F /* PBXContainerItemProxy */ = {
			isa = PBXContainerItemProxy;
			containerPortal = 3D5E7A50256C523800CD576F /* Project object */;
			proxyType = 1;
			remoteGlobalIDString = 3D5E7A57256C523800CD576F;
			remoteInfo = proyectoFinal;
		};
		3D5E7A7A256C523F00CD576F /* PBXContainerItemProxy */ = {
			isa = PBXContainerItemProxy;
			containerPortal = 3D5E7A50256C523800CD576F /* Project object */;
			proxyType = 1;
			remoteGlobalIDString = 3D5E7A57256C523800CD576F;
			remoteInfo = proyectoFinal;
		};
/* End PBXContainerItemProxy section */

/* Begin PBXFileReference section */
		3D5E7A58256C523800CD576F /* proyectoFinal.app */ = {isa = PBXFileReference; explicitFileType = wrapper.application; includeInIndex = 0; path = proyectoFinal.app; sourceTree = BUILT_PRODUCTS_DIR; };
		3D5E7A5B256C523900CD576F /* AppDelegate.swift */ = {isa = PBXFileReference; lastKnownFileType = sourcecode.swift; path = AppDelegate.swift; sourceTree = "<group>"; };
		3D5E7A5D256C523900CD576F /* SceneDelegate.swift */ = {isa = PBXFileReference; lastKnownFileType = sourcecode.swift; path = SceneDelegate.swift; sourceTree = "<group>"; };
		3D5E7A5F256C523900CD576F /* ViewController.swift */ = {isa = PBXFileReference; lastKnownFileType = sourcecode.swift; path = ViewController.swift; sourceTree = "<group>"; };
		3D5E7A62256C523900CD576F /* Base */ = {isa = PBXFileReference; lastKnownFileType = file.storyboard; name = Base; path = Base.lproj/Main.storyboard; sourceTree = "<group>"; };
		3D5E7A64256C523F00CD576F /* Assets.xcassets */ = {isa = PBXFileReference; lastKnownFileType = folder.assetcatalog; path = Assets.xcassets; sourceTree = "<group>"; };
		3D5E7A67256C523F00CD576F /* Base */ = {isa = PBXFileReference; lastKnownFileType = file.storyboard; name = Base; path = Base.lproj/LaunchScreen.storyboard; sourceTree = "<group>"; };
		3D5E7A69256C523F00CD576F /* Info.plist */ = {isa = PBXFileReference; lastKnownFileType = text.plist.xml; path = Info.plist; sourceTree = "<group>"; };
		3D5E7A6E256C523F00CD576F /* proyectoFinalTests.xctest */ = {isa = PBXFileReference; explicitFileType = wrapper.cfbundle; includeInIndex = 0; path = proyectoFinalTests.xctest; sourceTree = BUILT_PRODUCTS_DIR; };
		3D5E7A72256C523F00CD576F /* proyectoFinalTests.swift */ = {isa = PBXFileReference; lastKnownFileType = sourcecode.swift; path = proyectoFinalTests.swift; sourceTree = "<group>"; };
		3D5E7A74256C523F00CD576F /* Info.plist */ = {isa = PBXFileReference; lastKnownFileType = text.plist.xml; path = Info.plist; sourceTree = "<group>"; };
		3D5E7A79256C523F00CD576F /* proyectoFinalUITests.xctest */ = {isa = PBXFileReference; explicitFileType = wrapper.cfbundle; includeInIndex = 0; path = proyectoFinalUITests.xctest; sourceTree = BUILT_PRODUCTS_DIR; };
		3D5E7A7D256C523F00CD576F /* proyectoFinalUITests.swift */ = {isa = PBXFileReference; lastKnownFileType = sourcecode.swift; path = proyectoFinalUITests.swift; sourceTree = "<group>"; };
		3D5E7A7F256C523F00CD576F /* Info.plist */ = {isa = PBXFileReference; lastKnownFileType = text.plist.xml; path = Info.plist; sourceTree = "<group>"; };
		3D5E7A8E256C679D00CD576F /* Noticias.swift */ = {isa = PBXFileReference; lastKnownFileType = sourcecode.swift; path = Noticias.swift; sourceTree = "<group>"; };
		3D5E7A90256C6C5900CD576F /* celdaNoticiaController.swift */ = {isa = PBXFileReference; lastKnownFileType = sourcecode.swift; path = celdaNoticiaController.swift; sourceTree = "<group>"; };
		3D857D392574653F00532ACB /* DetallesNoticiasController.swift */ = {isa = PBXFileReference; lastKnownFileType = sourcecode.swift; path = DetallesNoticiasController.swift; sourceTree = "<group>"; };
		3D857D3B2574736000532ACB /* Tendencias.swift */ = {isa = PBXFileReference; lastKnownFileType = sourcecode.swift; path = Tendencias.swift; sourceTree = "<group>"; };
		3D857D3D2574740800532ACB /* CeldaTendendenciaController.swift */ = {isa = PBXFileReference; lastKnownFileType = sourcecode.swift; path = CeldaTendendenciaController.swift; sourceTree = "<group>"; };
		3D857D3F2574742700532ACB /* DetalleTendenciaController.swift */ = {isa = PBXFileReference; lastKnownFileType = sourcecode.swift; path = DetalleTendenciaController.swift; sourceTree = "<group>"; };
		3D857D41257479B500532ACB /* ViewControllerTendencia.swift */ = {isa = PBXFileReference; lastKnownFileType = sourcecode.swift; path = ViewControllerTendencia.swift; sourceTree = "<group>"; };
/* End PBXFileReference section */

/* Begin PBXFrameworksBuildPhase section */
		3D5E7A55256C523800CD576F /* Frameworks */ = {
			isa = PBXFrameworksBuildPhase;
			buildActionMask = 2147483647;
			files = (
			);
			runOnlyForDeploymentPostprocessing = 0;
		};
		3D5E7A6B256C523F00CD576F /* Frameworks */ = {
			isa = PBXFrameworksBuildPhase;
			buildActionMask = 2147483647;
			files = (
			);
			runOnlyForDeploymentPostprocessing = 0;
		};
		3D5E7A76256C523F00CD576F /* Frameworks */ = {
			isa = PBXFrameworksBuildPhase;
			buildActionMask = 2147483647;
			files = (
			);
			runOnlyForDeploymentPostprocessing = 0;
		};
/* End PBXFrameworksBuildPhase section */

/* Begin PBXGroup section */
		3D5E7A4F256C523800CD576F = {
			isa = PBXGroup;
			children = (
				3D5E7A5A256C523800CD576F /* proyectoFinal */,
				3D5E7A71256C523F00CD576F /* proyectoFinalTests */,
				3D5E7A7C256C523F00CD576F /* proyectoFinalUITests */,
				3D5E7A59256C523800CD576F /* Products */,
			);
			sourceTree = "<group>";
		};
		3D5E7A59256C523800CD576F /* Products */ = {
			isa = PBXGroup;
			children = (
				3D5E7A58256C523800CD576F /* proyectoFinal.app */,
				3D5E7A6E256C523F00CD576F /* proyectoFinalTests.xctest */,
				3D5E7A79256C523F00CD576F /* proyectoFinalUITests.xctest */,
			);
			name = Products;
			sourceTree = "<group>";
		};
		3D5E7A5A256C523800CD576F /* proyectoFinal */ = {
			isa = PBXGroup;
			children = (
				3D5E7A8D256C678700CD576F /* Models */,
				3D5E7A8C256C677200CD576F /* ViewControllers */,
				3D5E7A8B256C674F00CD576F /* Storyboards */,
				3D5E7A5B256C523900CD576F /* AppDelegate.swift */,
				3D5E7A5D256C523900CD576F /* SceneDelegate.swift */,
				3D5E7A64256C523F00CD576F /* Assets.xcassets */,
				3D5E7A69256C523F00CD576F /* Info.plist */,
			);
			path = proyectoFinal;
			sourceTree = "<group>";
		};
		3D5E7A71256C523F00CD576F /* proyectoFinalTests */ = {
			isa = PBXGroup;
			children = (
				3D5E7A72256C523F00CD576F /* proyectoFinalTests.swift */,
				3D5E7A74256C523F00CD576F /* Info.plist */,
			);
			path = proyectoFinalTests;
			sourceTree = "<group>";
		};
		3D5E7A7C256C523F00CD576F /* proyectoFinalUITests */ = {
			isa = PBXGroup;
			children = (
				3D5E7A7D256C523F00CD576F /* proyectoFinalUITests.swift */,
				3D5E7A7F256C523F00CD576F /* Info.plist */,
			);
			path = proyectoFinalUITests;
			sourceTree = "<group>";
		};
		3D5E7A8B256C674F00CD576F /* Storyboards */ = {
			isa = PBXGroup;
			children = (
				3D5E7A66256C523F00CD576F /* LaunchScreen.storyboard */,
				3D5E7A61256C523900CD576F /* Main.storyboard */,
			);
			name = Storyboards;
			sourceTree = "<group>";
		};
		3D5E7A8C256C677200CD576F /* ViewControllers */ = {
			isa = PBXGroup;
			children = (
				3D5E7A5F256C523900CD576F /* ViewController.swift */,
				3D857D41257479B500532ACB /* ViewControllerTendencia.swift */,
			);
			name = ViewControllers;
			sourceTree = "<group>";
		};
		3D5E7A8D256C678700CD576F /* Models */ = {
			isa = PBXGroup;
			children = (
				3D5E7A8E256C679D00CD576F /* Noticias.swift */,
				3D5E7A90256C6C5900CD576F /* celdaNoticiaController.swift */,
				3D857D392574653F00532ACB /* DetallesNoticiasController.swift */,
				3D857D3D2574740800532ACB /* CeldaTendendenciaController.swift */,
				3D857D3F2574742700532ACB /* DetalleTendenciaController.swift */,
				3D857D3B2574736000532ACB /* Tendencias.swift */,
			);
			name = Models;
			sourceTree = "<group>";
		};
/* End PBXGroup section */

/* Begin PBXNativeTarget section */
		3D5E7A57256C523800CD576F /* proyectoFinal */ = {
			isa = PBXNativeTarget;
			buildConfigurationList = 3D5E7A82256C523F00CD576F /* Build configuration list for PBXNativeTarget "proyectoFinal" */;
			buildPhases = (
				3D5E7A54256C523800CD576F /* Sources */,
				3D5E7A55256C523800CD576F /* Frameworks */,
				3D5E7A56256C523800CD576F /* Resources */,
			);
			buildRules = (
			);
			dependencies = (
			);
			name = proyectoFinal;
			productName = proyectoFinal;
			productReference = 3D5E7A58256C523800CD576F /* proyectoFinal.app */;
			productType = "com.apple.product-type.application";
		};
		3D5E7A6D256C523F00CD576F /* proyectoFinalTests */ = {
			isa = PBXNativeTarget;
			buildConfigurationList = 3D5E7A85256C523F00CD576F /* Build configuration list for PBXNativeTarget "proyectoFinalTests" */;
			buildPhases = (
				3D5E7A6A256C523F00CD576F /* Sources */,
				3D5E7A6B256C523F00CD576F /* Frameworks */,
				3D5E7A6C256C523F00CD576F /* Resources */,
			);
			buildRules = (
			);
			dependencies = (
				3D5E7A70256C523F00CD576F /* PBXTargetDependency */,
			);
			name = proyectoFinalTests;
			productName = proyectoFinalTests;
			productReference = 3D5E7A6E256C523F00CD576F /* proyectoFinalTests.xctest */;
			productType = "com.apple.product-type.bundle.unit-test";
		};
		3D5E7A78256C523F00CD576F /* proyectoFinalUITests */ = {
			isa = PBXNativeTarget;
			buildConfigurationList = 3D5E7A88256C523F00CD576F /* Build configuration list for PBXNativeTarget "proyectoFinalUITests" */;
			buildPhases = (
				3D5E7A75256C523F00CD576F /* Sources */,
				3D5E7A76256C523F00CD576F /* Frameworks */,
				3D5E7A77256C523F00CD576F /* Resources */,
			);
			buildRules = (
			);
			dependencies = (
				3D5E7A7B256C523F00CD576F /* PBXTargetDependency */,
			);
			name = proyectoFinalUITests;
			productName = proyectoFinalUITests;
			productReference = 3D5E7A79256C523F00CD576F /* proyectoFinalUITests.xctest */;
			productType = "com.apple.product-type.bundle.ui-testing";
		};
/* End PBXNativeTarget section */

/* Begin PBXProject section */
		3D5E7A50256C523800CD576F /* Project object */ = {
			isa = PBXProject;
			attributes = {
				LastSwiftUpdateCheck = 1130;
				LastUpgradeCheck = 1130;
				ORGANIZATIONNAME = Alumno;
				TargetAttributes = {
					3D5E7A57256C523800CD576F = {
						CreatedOnToolsVersion = 11.3.1;
					};
					3D5E7A6D256C523F00CD576F = {
						CreatedOnToolsVersion = 11.3.1;
						TestTargetID = 3D5E7A57256C523800CD576F;
					};
					3D5E7A78256C523F00CD576F = {
						CreatedOnToolsVersion = 11.3.1;
						TestTargetID = 3D5E7A57256C523800CD576F;
					};
				};
			};
			buildConfigurationList = 3D5E7A53256C523800CD576F /* Build configuration list for PBXProject "proyectoFinal" */;
			compatibilityVersion = "Xcode 9.3";
			developmentRegion = en;
			hasScannedForEncodings = 0;
			knownRegions = (
				en,
				Base,
			);
			mainGroup = 3D5E7A4F256C523800CD576F;
			productRefGroup = 3D5E7A59256C523800CD576F /* Products */;
			projectDirPath = "";
			projectRoot = "";
			targets = (
				3D5E7A57256C523800CD576F /* proyectoFinal */,
				3D5E7A6D256C523F00CD576F /* proyectoFinalTests */,
				3D5E7A78256C523F00CD576F /* proyectoFinalUITests */,
			);
		};
/* End PBXProject section */

/* Begin PBXResourcesBuildPhase section */
		3D5E7A56256C523800CD576F /* Resources */ = {
			isa = PBXResourcesBuildPhase;
			buildActionMask = 2147483647;
			files = (
				3D5E7A68256C523F00CD576F /* LaunchScreen.storyboard in Resources */,
				3D5E7A65256C523F00CD576F /* Assets.xcassets in Resources */,
				3D5E7A63256C523900CD576F /* Main.storyboard in Resources */,
			);
			runOnlyForDeploymentPostprocessing = 0;
		};
		3D5E7A6C256C523F00CD576F /* Resources */ = {
			isa = PBXResourcesBuildPhase;
			buildActionMask = 2147483647;
			files = (
			);
			runOnlyForDeploymentPostprocessing = 0;
		};
		3D5E7A77256C523F00CD576F /* Resources */ = {
			isa = PBXResourcesBuildPhase;
			buildActionMask = 2147483647;
			files = (
			);
			runOnlyForDeploymentPostprocessing = 0;
		};
/* End PBXResourcesBuildPhase section */

/* Begin PBXSourcesBuildPhase section */
		3D5E7A54256C523800CD576F /* Sources */ = {
			isa = PBXSourcesBuildPhase;
			buildActionMask = 2147483647;
			files = (
				3D857D42257479B500532ACB /* ViewControllerTendencia.swift in Sources */,
				3D857D3C2574736000532ACB /* Tendencias.swift in Sources */,
				3D857D402574742700532ACB /* DetalleTendenciaController.swift in Sources */,
				3D857D3E2574740800532ACB /* CeldaTendendenciaController.swift in Sources */,
				3D5E7A60256C523900CD576F /* ViewController.swift in Sources */,
				3D5E7A5C256C523900CD576F /* AppDelegate.swift in Sources */,
				3D857D3A2574653F00532ACB /* DetallesNoticiasController.swift in Sources */,
				3D5E7A5E256C523900CD576F /* SceneDelegate.swift in Sources */,
				3D5E7A91256C6C5900CD576F /* celdaNoticiaController.swift in Sources */,
				3D5E7A8F256C679D00CD576F /* Noticias.swift in Sources */,
			);
			runOnlyForDeploymentPostprocessing = 0;
		};
		3D5E7A6A256C523F00CD576F /* Sources */ = {
			isa = PBXSourcesBuildPhase;
			buildActionMask = 2147483647;
			files = (
				3D5E7A73256C523F00CD576F /* proyectoFinalTests.swift in Sources */,
			);
			runOnlyForDeploymentPostprocessing = 0;
		};
		3D5E7A75256C523F00CD576F /* Sources */ = {
			isa = PBXSourcesBuildPhase;
			buildActionMask = 2147483647;
			files = (
				3D5E7A7E256C523F00CD576F /* proyectoFinalUITests.swift in Sources */,
			);
			runOnlyForDeploymentPostprocessing = 0;
		};
/* End PBXSourcesBuildPhase section */

/* Begin PBXTargetDependency section */
		3D5E7A70256C523F00CD576F /* PBXTargetDependency */ = {
			isa = PBXTargetDependency;
			target = 3D5E7A57256C523800CD576F /* proyectoFinal */;
			targetProxy = 3D5E7A6F256C523F00CD576F /* PBXContainerItemProxy */;
		};
		3D5E7A7B256C523F00CD576F /* PBXTargetDependency */ = {
			isa = PBXTargetDependency;
			target = 3D5E7A57256C523800CD576F /* proyectoFinal */;
			targetProxy = 3D5E7A7A256C523F00CD576F /* PBXContainerItemProxy */;
		};
/* End PBXTargetDependency section */

/* Begin PBXVariantGroup section */
		3D5E7A61256C523900CD576F /* Main.storyboard */ = {
			isa = PBXVariantGroup;
			children = (
				3D5E7A62256C523900CD576F /* Base */,
			);
			name = Main.storyboard;
			sourceTree = "<group>";
		};
		3D5E7A66256C523F00CD576F /* LaunchScreen.storyboard */ = {
			isa = PBXVariantGroup;
			children = (
				3D5E7A67256C523F00CD576F /* Base */,
			);
			name = LaunchScreen.storyboard;
			sourceTree = "<group>";
		};
/* End PBXVariantGroup section */

/* Begin XCBuildConfiguration section */
		3D5E7A80256C523F00CD576F /* Debug */ = {
			isa = XCBuildConfiguration;
			buildSettings = {
				ALWAYS_SEARCH_USER_PATHS = NO;
				CLANG_ANALYZER_NONNULL = YES;
				CLANG_ANALYZER_NUMBER_OBJECT_CONVERSION = YES_AGGRESSIVE;
				CLANG_CXX_LANGUAGE_STANDARD = "gnu++14";
				CLANG_CXX_LIBRARY = "libc++";
				CLANG_ENABLE_MODULES = YES;
				CLANG_ENABLE_OBJC_ARC = YES;
				CLANG_ENABLE_OBJC_WEAK = YES;
				CLANG_WARN_BLOCK_CAPTURE_AUTORELEASING = YES;
				CLANG_WARN_BOOL_CONVERSION = YES;
				CLANG_WARN_COMMA = YES;
				CLANG_WARN_CONSTANT_CONVERSION = YES;
				CLANG_WARN_DEPRECATED_OBJC_IMPLEMENTATIONS = YES;
				CLANG_WARN_DIRECT_OBJC_ISA_USAGE = YES_ERROR;
				CLANG_WARN_DOCUMENTATION_COMMENTS = YES;
				CLANG_WARN_EMPTY_BODY = YES;
				CLANG_WARN_ENUM_CONVERSION = YES;
				CLANG_WARN_INFINITE_RECURSION = YES;
				CLANG_WARN_INT_CONVERSION = YES;
				CLANG_WARN_NON_LITERAL_NULL_CONVERSION = YES;
				CLANG_WARN_OBJC_IMPLICIT_RETAIN_SELF = YES;
				CLANG_WARN_OBJC_LITERAL_CONVERSION = YES;
				CLANG_WARN_OBJC_ROOT_CLASS = YES_ERROR;
				CLANG_WARN_RANGE_LOOP_ANALYSIS = YES;
				CLANG_WARN_STRICT_PROTOTYPES = YES;
				CLANG_WARN_SUSPICIOUS_MOVE = YES;
				CLANG_WARN_UNGUARDED_AVAILABILITY = YES_AGGRESSIVE;
				CLANG_WARN_UNREACHABLE_CODE = YES;
				CLANG_WARN__DUPLICATE_METHOD_MATCH = YES;
				COPY_PHASE_STRIP = NO;
				DEBUG_INFORMATION_FORMAT = dwarf;
				ENABLE_STRICT_OBJC_MSGSEND = YES;
				ENABLE_TESTABILITY = YES;
				GCC_C_LANGUAGE_STANDARD = gnu11;
				GCC_DYNAMIC_NO_PIC = NO;
				GCC_NO_COMMON_BLOCKS = YES;
				GCC_OPTIMIZATION_LEVEL = 0;
				GCC_PREPROCESSOR_DEFINITIONS = (
					"DEBUG=1",
					"$(inherited)",
				);
				GCC_WARN_64_TO_32_BIT_CONVERSION = YES;
				GCC_WARN_ABOUT_RETURN_TYPE = YES_ERROR;
				GCC_WARN_UNDECLARED_SELECTOR = YES;
				GCC_WARN_UNINITIALIZED_AUTOS = YES_AGGRESSIVE;
				GCC_WARN_UNUSED_FUNCTION = YES;
				GCC_WARN_UNUSED_VARIABLE = YES;
				IPHONEOS_DEPLOYMENT_TARGET = 13.2;
				MTL_ENABLE_DEBUG_INFO = INCLUDE_SOURCE;
				MTL_FAST_MATH = YES;
				ONLY_ACTIVE_ARCH = YES;
				SDKROOT = iphoneos;
				SWIFT_ACTIVE_COMPILATION_CONDITIONS = DEBUG;
				SWIFT_OPTIMIZATION_LEVEL = "-Onone";
			};
			name = Debug;
		};
		3D5E7A81256C523F00CD576F /* Release */ = {
			isa = XCBuildConfiguration;
			buildSettings = {
				ALWAYS_SEARCH_USER_PATHS = NO;
				CLANG_ANALYZER_NONNULL = YES;
				CLANG_ANALYZER_NUMBER_OBJECT_CONVERSION = YES_AGGRESSIVE;
				CLANG_CXX_LANGUAGE_STANDARD = "gnu++14";
				CLANG_CXX_LIBRARY = "libc++";
				CLANG_ENABLE_MODULES = YES;
				CLANG_ENABLE_OBJC_ARC = YES;
				CLANG_ENABLE_OBJC_WEAK = YES;
				CLANG_WARN_BLOCK_CAPTURE_AUTORELEASING = YES;
				CLANG_WARN_BOOL_CONVERSION = YES;
				CLANG_WARN_COMMA = YES;
				CLANG_WARN_CONSTANT_CONVERSION = YES;
				CLANG_WARN_DEPRECATED_OBJC_IMPLEMENTATIONS = YES;
				CLANG_WARN_DIRECT_OBJC_ISA_USAGE = YES_ERROR;
				CLANG_WARN_DOCUMENTATION_COMMENTS = YES;
				CLANG_WARN_EMPTY_BODY = YES;
				CLANG_WARN_ENUM_CONVERSION = YES;
				CLANG_WARN_INFINITE_RECURSION = YES;
				CLANG_WARN_INT_CONVERSION = YES;
				CLANG_WARN_NON_LITERAL_NULL_CONVERSION = YES;
				CLANG_WARN_OBJC_IMPLICIT_RETAIN_SELF = YES;
				CLANG_WARN_OBJC_LITERAL_CONVERSION = YES;
				CLANG_WARN_OBJC_ROOT_CLASS = YES_ERROR;
				CLANG_WARN_RANGE_LOOP_ANALYSIS = YES;
				CLANG_WARN_STRICT_PROTOTYPES = YES;
				CLANG_WARN_SUSPICIOUS_MOVE = YES;
				CLANG_WARN_UNGUARDED_AVAILABILITY = YES_AGGRESSIVE;
				CLANG_WARN_UNREACHABLE_CODE = YES;
				CLANG_WARN__DUPLICATE_METHOD_MATCH = YES;
				COPY_PHASE_STRIP = NO;
				DEBUG_INFORMATION_FORMAT = "dwarf-with-dsym";
				ENABLE_NS_ASSERTIONS = NO;
				ENABLE_STRICT_OBJC_MSGSEND = YES;
				GCC_C_LANGUAGE_STANDARD = gnu11;
				GCC_NO_COMMON_BLOCKS = YES;
				GCC_WARN_64_TO_32_BIT_CONVERSION = YES;
				GCC_WARN_ABOUT_RETURN_TYPE = YES_ERROR;
				GCC_WARN_UNDECLARED_SELECTOR = YES;
				GCC_WARN_UNINITIALIZED_AUTOS = YES_AGGRESSIVE;
				GCC_WARN_UNUSED_FUNCTION = YES;
				GCC_WARN_UNUSED_VARIABLE = YES;
				IPHONEOS_DEPLOYMENT_TARGET = 13.2;
				MTL_ENABLE_DEBUG_INFO = NO;
				MTL_FAST_MATH = YES;
				SDKROOT = iphoneos;
				SWIFT_COMPILATION_MODE = wholemodule;
				SWIFT_OPTIMIZATION_LEVEL = "-O";
				VALIDATE_PRODUCT = YES;
			};
			name = Release;
		};
		3D5E7A83256C523F00CD576F /* Debug */ = {
			isa = XCBuildConfiguration;
			buildSettings = {
				ASSETCATALOG_COMPILER_APPICON_NAME = AppIcon;
				CODE_SIGN_STYLE = Automatic;
				INFOPLIST_FILE = proyectoFinal/Info.plist;
				LD_RUNPATH_SEARCH_PATHS = (
					"$(inherited)",
					"@executable_path/Frameworks",
				);
				PRODUCT_BUNDLE_IDENTIFIER = edu.ulsa.proyectoFinal;
				PRODUCT_NAME = "$(TARGET_NAME)";
				SWIFT_VERSION = 5.0;
				TARGETED_DEVICE_FAMILY = "1,2";
			};
			name = Debug;
		};
		3D5E7A84256C523F00CD576F /* Release */ = {
			isa = XCBuildConfiguration;
			buildSettings = {
				ASSETCATALOG_COMPILER_APPICON_NAME = AppIcon;
				CODE_SIGN_STYLE = Automatic;
				INFOPLIST_FILE = proyectoFinal/Info.plist;
				LD_RUNPATH_SEARCH_PATHS = (
					"$(inherited)",
					"@executable_path/Frameworks",
				);
				PRODUCT_BUNDLE_IDENTIFIER = edu.ulsa.proyectoFinal;
				PRODUCT_NAME = "$(TARGET_NAME)";
				SWIFT_VERSION = 5.0;
				TARGETED_DEVICE_FAMILY = "1,2";
			};
			name = Release;
		};
		3D5E7A86256C523F00CD576F /* Debug */ = {
			isa = XCBuildConfiguration;
			buildSettings = {
				ALWAYS_EMBED_SWIFT_STANDARD_LIBRARIES = YES;
				BUNDLE_LOADER = "$(TEST_HOST)";
				CODE_SIGN_STYLE = Automatic;
				INFOPLIST_FILE = proyectoFinalTests/Info.plist;
				IPHONEOS_DEPLOYMENT_TARGET = 13.2;
				LD_RUNPATH_SEARCH_PATHS = (
					"$(inherited)",
					"@executable_path/Frameworks",
					"@loader_path/Frameworks",
				);
				PRODUCT_BUNDLE_IDENTIFIER = edu.ulsa.proyectoFinalTests;
				PRODUCT_NAME = "$(TARGET_NAME)";
				SWIFT_VERSION = 5.0;
				TARGETED_DEVICE_FAMILY = "1,2";
				TEST_HOST = "$(BUILT_PRODUCTS_DIR)/proyectoFinal.app/proyectoFinal";
			};
			name = Debug;
		};
		3D5E7A87256C523F00CD576F /* Release */ = {
			isa = XCBuildConfiguration;
			buildSettings = {
				ALWAYS_EMBED_SWIFT_STANDARD_LIBRARIES = YES;
				BUNDLE_LOADER = "$(TEST_HOST)";
				CODE_SIGN_STYLE = Automatic;
				INFOPLIST_FILE = proyectoFinalTests/Info.plist;
				IPHONEOS_DEPLOYMENT_TARGET = 13.2;
				LD_RUNPATH_SEARCH_PATHS = (
					"$(inherited)",
					"@executable_path/Frameworks",
					"@loader_path/Frameworks",
				);
				PRODUCT_BUNDLE_IDENTIFIER = edu.ulsa.proyectoFinalTests;
				PRODUCT_NAME = "$(TARGET_NAME)";
				SWIFT_VERSION = 5.0;
				TARGETED_DEVICE_FAMILY = "1,2";
				TEST_HOST = "$(BUILT_PRODUCTS_DIR)/proyectoFinal.app/proyectoFinal";
			};
			name = Release;
		};
		3D5E7A89256C523F00CD576F /* Debug */ = {
			isa = XCBuildConfiguration;
			buildSettings = {
				ALWAYS_EMBED_SWIFT_STANDARD_LIBRARIES = YES;
				CODE_SIGN_STYLE = Automatic;
				INFOPLIST_FILE = proyectoFinalUITests/Info.plist;
				LD_RUNPATH_SEARCH_PATHS = (
					"$(inherited)",
					"@executable_path/Frameworks",
					"@loader_path/Frameworks",
				);
				PRODUCT_BUNDLE_IDENTIFIER = edu.ulsa.proyectoFinalUITests;
				PRODUCT_NAME = "$(TARGET_NAME)";
				SWIFT_VERSION = 5.0;
				TARGETED_DEVICE_FAMILY = "1,2";
				TEST_TARGET_NAME = proyectoFinal;
			};
			name = Debug;
		};
		3D5E7A8A256C523F00CD576F /* Release */ = {
			isa = XCBuildConfiguration;
			buildSettings = {
				ALWAYS_EMBED_SWIFT_STANDARD_LIBRARIES = YES;
				CODE_SIGN_STYLE = Automatic;
				INFOPLIST_FILE = proyectoFinalUITests/Info.plist;
				LD_RUNPATH_SEARCH_PATHS = (
					"$(inherited)",
					"@executable_path/Frameworks",
					"@loader_path/Frameworks",
				);
				PRODUCT_BUNDLE_IDENTIFIER = edu.ulsa.proyectoFinalUITests;
				PRODUCT_NAME = "$(TARGET_NAME)";
				SWIFT_VERSION = 5.0;
				TARGETED_DEVICE_FAMILY = "1,2";
				TEST_TARGET_NAME = proyectoFinal;
			};
			name = Release;
		};
/* End XCBuildConfiguration section */

/* Begin XCConfigurationList section */
		3D5E7A53256C523800CD576F /* Build configuration list for PBXProject "proyectoFinal" */ = {
			isa = XCConfigurationList;
			buildConfigurations = (
				3D5E7A80256C523F00CD576F /* Debug */,
				3D5E7A81256C523F00CD576F /* Release */,
			);
			defaultConfigurationIsVisible = 0;
			defaultConfigurationName = Release;
		};
		3D5E7A82256C523F00CD576F /* Build configuration list for PBXNativeTarget "proyectoFinal" */ = {
			isa = XCConfigurationList;
			buildConfigurations = (
				3D5E7A83256C523F00CD576F /* Debug */,
				3D5E7A84256C523F00CD576F /* Release */,
			);
			defaultConfigurationIsVisible = 0;
			defaultConfigurationName = Release;
		};
		3D5E7A85256C523F00CD576F /* Build configuration list for PBXNativeTarget "proyectoFinalTests" */ = {
			isa = XCConfigurationList;
			buildConfigurations = (
				3D5E7A86256C523F00CD576F /* Debug */,
				3D5E7A87256C523F00CD576F /* Release */,
			);
			defaultConfigurationIsVisible = 0;
			defaultConfigurationName = Release;
		};
		3D5E7A88256C523F00CD576F /* Build configuration list for PBXNativeTarget "proyectoFinalUITests" */ = {
			isa = XCConfigurationList;
			buildConfigurations = (
				3D5E7A89256C523F00CD576F /* Debug */,
				3D5E7A8A256C523F00CD576F /* Release */,
			);
			defaultConfigurationIsVisible = 0;
			defaultConfigurationName = Release;
		};
/* End XCConfigurationList section */
	};
	rootObject = 3D5E7A50256C523800CD576F /* Project object */;
}
